
Microsoft Visual Studio Solution File, Format Version 11.00
# Visual Studio 2010
Project("{FAE04EC0-301F-11D3-BF4B-00C04F79EFBC}") = "IntroductionToWPF", "IntroductionToWPF\IntroductionToWPF.csproj", "{DE668198-4DC6-401E-A03C-E6785916C635}"
EndProject
Project("{FAE04EC0-301F-11D3-BF4B-00C04F79EFBC}") = "ExpenseIt", "ExpenseIt\ExpenseIt.csproj", "{1FBBE303-D5C4-482F-93FD-D1175223F19C}"
EndProject
Project("{FAE04EC0-301F-11D3-BF4B-00C04F79EFBC}") = "FolderExplorer", "FolderExplorer\FolderExplorer.csproj", "{EEF46C35-8CF3-437A-B1B9-195FA28B2D5D}"
EndProject
Global
	GlobalSection(SolutionConfigurationPlatforms) = preSolution
		Debug|x86 = Debug|x86
		Release|x86 = Release|x86
	EndGlobalSection
	GlobalSection(ProjectConfigurationPlatforms) = postSolution
		{DE668198-4DC6-401E-A03C-E6785916C635}.Debug|x86.ActiveCfg = Debug|x86
		{DE668198-4DC6-401E-A03C-E6785916C635}.Debug|x86.Build.0 = Debug|x86
		{DE668198-4DC6-401E-A03C-E6785916C635}.Release|x86.ActiveCfg = Release|x86
		{DE668198-4DC6-401E-A03C-E6785916C635}.Release|x86.Build.0 = Release|x86
		{1FBBE303-D5C4-482F-93FD-D1175223F19C}.Debug|x86.ActiveCfg = Debug|x86
		{1FBBE303-D5C4-482F-93FD-D1175223F19C}.Debug|x86.Build.0 = Debug|x86
		{1FBBE303-D5C4-482F-93FD-D1175223F19C}.Release|x86.ActiveCfg = Release|x86
		{1FBBE303-D5C4-482F-93FD-D1175223F19C}.Release|x86.Build.0 = Release|x86
		{EEF46C35-8CF3-437A-B1B9-195FA28B2D5D}.Debug|x86.ActiveCfg = Debug|x86
		{EEF46C35-8CF3-437A-B1B9-195FA28B2D5D}.Debug|x86.Build.0 = Debug|x86
		{EEF46C35-8CF3-437A-B1B9-195FA28B2D5D}.Release|x86.ActiveCfg = Release|x86
		{EEF46C35-8CF3-437A-B1B9-195FA28B2D5D}.Release|x86.Build.0 = Release|x86
	EndGlobalSection
	GlobalSection(SolutionProperties) = preSolution
		HideSolutionNode = FALSE
	EndGlobalSection
EndGlobal
